
Microsoft Visual Studio Solution File, Format Version 12.00
# Visual Studio Version 17
VisualStudioVersion = 17.7.34031.279
MinimumVisualStudioVersion = 10.0.40219.1
Project("{FAE04EC0-301F-11D3-BF4B-00C04F79EFBC}") = "CapaPresentacionAdmin", "CapaPresentacionAdmin\CapaPresentacionAdmin.csproj", "{A4829012-2869-4290-A3F6-E8214CB7A149}"
EndProject
Project("{FAE04EC0-301F-11D3-BF4B-00C04F79EFBC}") = "CapaPresentacionTienda", "CapaPresentacionTienda\CapaPresentacionTienda.csproj", "{B49C66A8-C6C3-40F7-BAFF-45BA97AD8BFC}"
EndProject
Project("{FAE04EC0-301F-11D3-BF4B-00C04F79EFBC}") = "CapaDatos", "CapaDatos\CapaDatos.csproj", "{8AC26ADF-6687-455C-A223-F0B8A9F2AB86}"
EndProject
Project("{FAE04EC0-301F-11D3-BF4B-00C04F79EFBC}") = "CapaEntidad", "CapaEntidad\CapaEntidad.csproj", "{90B52188-8687-4DC5-B548-203F65E7EB44}"
EndProject
Project("{FAE04EC0-301F-11D3-BF4B-00C04F79EFBC}") = "CapaNegocio", "CapaNegocio\CapaNegocio.csproj", "{EC508514-3733-401D-8507-B40E0655CDCB}"
EndProject
Global
	GlobalSection(SolutionConfigurationPlatforms) = preSolution
		Debug|Any CPU = Debug|Any CPU
		Release|Any CPU = Release|Any CPU
	EndGlobalSection
	GlobalSection(ProjectConfigurationPlatforms) = postSolution
		{A4829012-2869-4290-A3F6-E8214CB7A149}.Debug|Any CPU.ActiveCfg = Debug|Any CPU
		{A4829012-2869-4290-A3F6-E8214CB7A149}.Debug|Any CPU.Build.0 = Debug|Any CPU
		{A4829012-2869-4290-A3F6-E8214CB7A149}.Release|Any CPU.ActiveCfg = Release|Any CPU
		{A4829012-2869-4290-A3F6-E8214CB7A149}.Release|Any CPU.Build.0 = Release|Any CPU
		{B49C66A8-C6C3-40F7-BAFF-45BA97AD8BFC}.Debug|Any CPU.ActiveCfg = Debug|Any CPU
		{B49C66A8-C6C3-40F7-BAFF-45BA97AD8BFC}.Debug|Any CPU.Build.0 = Debug|Any CPU
		{B49C66A8-C6C3-40F7-BAFF-45BA97AD8BFC}.Release|Any CPU.ActiveCfg = Release|Any CPU
		{B49C66A8-C6C3-40F7-BAFF-45BA97AD8BFC}.Release|Any CPU.Build.0 = Release|Any CPU
		{8AC26ADF-6687-455C-A223-F0B8A9F2AB86}.Debug|Any CPU.ActiveCfg = Debug|Any CPU
		{8AC26ADF-6687-455C-A223-F0B8A9F2AB86}.Debug|Any CPU.Build.0 = Debug|Any CPU
		{8AC26ADF-6687-455C-A223-F0B8A9F2AB86}.Release|Any CPU.ActiveCfg = Release|Any CPU
		{8AC26ADF-6687-455C-A223-F0B8A9F2AB86}.Release|Any CPU.Build.0 = Release|Any CPU
		{90B52188-8687-4DC5-B548-203F65E7EB44}.Debug|Any CPU.ActiveCfg = Debug|Any CPU
		{90B52188-8687-4DC5-B548-203F65E7EB44}.Debug|Any CPU.Build.0 = Debug|Any CPU
		{90B52188-8687-4DC5-B548-203F65E7EB44}.Release|Any CPU.ActiveCfg = Release|Any CPU
		{90B52188-8687-4DC5-B548-203F65E7EB44}.Release|Any CPU.Build.0 = Release|Any CPU
		{EC508514-3733-401D-8507-B40E0655CDCB}.Debug|Any CPU.ActiveCfg = Debug|Any CPU
		{EC508514-3733-401D-8507-B40E0655CDCB}.Debug|Any CPU.Build.0 = Debug|Any CPU
		{EC508514-3733-401D-8507-B40E0655CDCB}.Release|Any CPU.ActiveCfg = Release|Any CPU
		{EC508514-3733-401D-8507-B40E0655CDCB}.Release|Any CPU.Build.0 = Release|Any CPU
	EndGlobalSection
	GlobalSection(SolutionProperties) = preSolution
		HideSolutionNode = FALSE
	EndGlobalSection
	GlobalSection(ExtensibilityGlobals) = postSolution
		SolutionGuid = {09C71904-8863-48A6-97C5-2E9D59804370}
	EndGlobalSection
EndGlobal
